
Microsoft Visual Studio Solution File, Format Version 12.00
# Visual Studio Version 17
VisualStudioVersion = 17.7.34031.279
MinimumVisualStudioVersion = 10.0.40219.1
Project("{6EC3EE1D-3C4E-46DD-8F32-0CC8E7565705}") = "WebsitePlayground", "WebsitePlayground.fsproj", "{A20FA1A8-372A-49C5-902B-9532CB2822A1}"
EndProject
Project("{2150E333-8FDC-42A3-9474-1A3956D46DE8}") = "Solution Items", "Solution Items", "{8EC462FD-D22E-90A8-E5CE-7E832BA40C5D}"
EndProject
Project("{6EC3EE1D-3C4E-46DD-8F32-0CC8E7565705}") = "database", "..\database\fsproj\database.fsproj", "{3FCD15C9-8660-4A8E-B326-E9D254835883}"
EndProject
Project("{54A90642-561A-4BB1-A94E-469ADEE60C69}") = "WebsitePlaygroundUI", "..\frontend\WebsitePlaygroundUI.esproj", "{274D76EC-DCB1-E7F3-C01A-2742111AC6C3}"
EndProject
Project("{F2A71F9B-5D33-465A-A702-920D77279786}") = "UnitTests", "..\UnitTests\UnitTests.fsproj", "{FE9AF481-E5B2-4DA7-860E-03AD4BFD1841}"
EndProject
Global
	GlobalSection(SolutionConfigurationPlatforms) = preSolution
		Debug|Any CPU = Debug|Any CPU
		Release|Any CPU = Release|Any CPU
	EndGlobalSection
	GlobalSection(ProjectConfigurationPlatforms) = postSolution
		{A20FA1A8-372A-49C5-902B-9532CB2822A1}.Debug|Any CPU.ActiveCfg = Debug|Any CPU
		{A20FA1A8-372A-49C5-902B-9532CB2822A1}.Debug|Any CPU.Build.0 = Debug|Any CPU
		{A20FA1A8-372A-49C5-902B-9532CB2822A1}.Release|Any CPU.ActiveCfg = Release|Any CPU
		{A20FA1A8-372A-49C5-902B-9532CB2822A1}.Release|Any CPU.Build.0 = Release|Any CPU
		{274D76EC-DCB1-E7F3-C01A-2742111AC6C3}.Debug|Any CPU.ActiveCfg = Debug|Any CPU
		{274D76EC-DCB1-E7F3-C01A-2742111AC6C3}.Debug|Any CPU.Build.0 = Debug|Any CPU
		{274D76EC-DCB1-E7F3-C01A-2742111AC6C3}.Debug|Any CPU.Deploy.0 = Debug|Any CPU
		{274D76EC-DCB1-E7F3-C01A-2742111AC6C3}.Release|Any CPU.ActiveCfg = Release|Any CPU
		{3FCD15C9-8660-4A8E-B326-E9D254835883}.Debug|Any CPU.ActiveCfg = Debug|Any CPU
		{3FCD15C9-8660-4A8E-B326-E9D254835883}.Debug|Any CPU.Build.0 = Debug|Any CPU
		{3FCD15C9-8660-4A8E-B326-E9D254835883}.Release|Any CPU.ActiveCfg = Release|Any CPU
		{3FCD15C9-8660-4A8E-B326-E9D254835883}.Release|Any CPU.Build.0 = Release|Any CPU
		{274D76EC-DCB1-E7F3-C01A-2742111AC6C3}.Release|Any CPU.Build.0 = Release|Any CPU
		{274D76EC-DCB1-E7F3-C01A-2742111AC6C3}.Release|Any CPU.Deploy.0 = Release|Any CPU
		{FE9AF481-E5B2-4DA7-860E-03AD4BFD1841}.Debug|Any CPU.ActiveCfg = Debug|Any CPU
		{FE9AF481-E5B2-4DA7-860E-03AD4BFD1841}.Debug|Any CPU.Build.0 = Debug|Any CPU
		{FE9AF481-E5B2-4DA7-860E-03AD4BFD1841}.Release|Any CPU.ActiveCfg = Release|Any CPU
		{FE9AF481-E5B2-4DA7-860E-03AD4BFD1841}.Release|Any CPU.Build.0 = Release|Any CPU
	EndGlobalSection
	GlobalSection(SolutionProperties) = preSolution
		HideSolutionNode = FALSE
	EndGlobalSection
	GlobalSection(ExtensibilityGlobals) = postSolution
		SolutionGuid = {7F143079-25CA-46A0-A1AC-10DFEE226755}
	EndGlobalSection
EndGlobal
